
Microsoft Visual Studio Solution File, Format Version 12.00
# Visual Studio Version 17
VisualStudioVersion = 17.0.32112.339
MinimumVisualStudioVersion = 10.0.40219.1
Project("{FAE04EC0-301F-11D3-BF4B-00C04F79EFBC}") = "FinancialSentimentMLApp", "FinancialSentimentMLApp\FinancialSentimentMLApp.csproj", "{4DC10D34-CB80-49CA-9681-7ADEEDD284D6}"
EndProject
Global
	GlobalSection(SolutionConfigurationPlatforms) = preSolution
		Debug|Any CPU = Debug|Any CPU
		Release|Any CPU = Release|Any CPU
	EndGlobalSection
	GlobalSection(ProjectConfigurationPlatforms) = postSolution
		{4DC10D34-CB80-49CA-9681-7ADEEDD284D6}.Debug|Any CPU.ActiveCfg = Debug|Any CPU
		{4DC10D34-CB80-49CA-9681-7ADEEDD284D6}.Debug|Any CPU.Build.0 = Debug|Any CPU
		{4DC10D34-CB80-49CA-9681-7ADEEDD284D6}.Release|Any CPU.ActiveCfg = Release|Any CPU
		{4DC10D34-CB80-49CA-9681-7ADEEDD284D6}.Release|Any CPU.Build.0 = Release|Any CPU
	EndGlobalSection
	GlobalSection(SolutionProperties) = preSolution
		HideSolutionNode = FALSE
	EndGlobalSection
	GlobalSection(ExtensibilityGlobals) = postSolution
		SolutionGuid = {3A6EB0CC-3F9E-46EE-BFB1-D19EE44424DA}
	EndGlobalSection
EndGlobal
